// !$*UTF8*$!
{
	archiveVersion = 1;
	classes = {
	};
	objectVersion = 48;
	objects = {

/* Begin PBXBuildFile section */
		DD49CA44203B061F0075AC5C /* AppDelegate.swift in Sources */ = {isa = PBXBuildFile; fileRef = DD49CA43203B061F0075AC5C /* AppDelegate.swift */; };
		DD49CA46203B061F0075AC5C /* ViewController.swift in Sources */ = {isa = PBXBuildFile; fileRef = DD49CA45203B061F0075AC5C /* ViewController.swift */; };
		DD49CA49203B061F0075AC5C /* Main.storyboard in Resources */ = {isa = PBXBuildFile; fileRef = DD49CA47203B061F0075AC5C /* Main.storyboard */; };
		DD49CA4B203B061F0075AC5C /* Assets.xcassets in Resources */ = {isa = PBXBuildFile; fileRef = DD49CA4A203B061F0075AC5C /* Assets.xcassets */; };
		DD49CA4E203B061F0075AC5C /* LaunchScreen.storyboard in Resources */ = {isa = PBXBuildFile; fileRef = DD49CA4C203B061F0075AC5C /* LaunchScreen.storyboard */; };
		DD49CA59203B061F0075AC5C /* _5071057_AssignmentTests.swift in Sources */ = {isa = PBXBuildFile; fileRef = DD49CA58203B061F0075AC5C /* _5071057_AssignmentTests.swift */; };
		DD49CA64203B061F0075AC5C /* _5071057_AssignmentUITests.swift in Sources */ = {isa = PBXBuildFile; fileRef = DD49CA63203B061F0075AC5C /* _5071057_AssignmentUITests.swift */; };
		DD49CA72203B0A8F0075AC5C /* DetailsViewController.swift in Sources */ = {isa = PBXBuildFile; fileRef = DD49CA71203B0A8F0075AC5C /* DetailsViewController.swift */; };
		DD49CA74203B0C490075AC5C /* Restaurant.swift in Sources */ = {isa = PBXBuildFile; fileRef = DD49CA73203B0C490075AC5C /* Restaurant.swift */; };
		DD5415D0204D52D00001FC2A /* SearchViewController.swift in Sources */ = {isa = PBXBuildFile; fileRef = DD5415CF204D52D00001FC2A /* SearchViewController.swift */; };
		DD8534F12056B30E0004B92A /* CustomPin.swift in Sources */ = {isa = PBXBuildFile; fileRef = DD8534F02056B30E0004B92A /* CustomPin.swift */; };
		DD9C1052204443F30044E794 /* MapViewController.swift in Sources */ = {isa = PBXBuildFile; fileRef = DD9C1051204443F30044E794 /* MapViewController.swift */; };
		DDFA853020441061001786DB /* RestarauntTableViewCell.swift in Sources */ = {isa = PBXBuildFile; fileRef = DDFA852F20441061001786DB /* RestarauntTableViewCell.swift */; };
/* End PBXBuildFile section */

/* Begin PBXContainerItemProxy section */
		DD49CA55203B061F0075AC5C /* PBXContainerItemProxy */ = {
			isa = PBXContainerItemProxy;
			containerPortal = DD49CA38203B061F0075AC5C /* Project object */;
			proxyType = 1;
			remoteGlobalIDString = DD49CA3F203B061F0075AC5C;
			remoteInfo = 15071057_Assignment;
		};
		DD49CA60203B061F0075AC5C /* PBXContainerItemProxy */ = {
			isa = PBXContainerItemProxy;
			containerPortal = DD49CA38203B061F0075AC5C /* Project object */;
			proxyType = 1;
			remoteGlobalIDString = DD49CA3F203B061F0075AC5C;
			remoteInfo = 15071057_Assignment;
		};
/* End PBXContainerItemProxy section */

/* Begin PBXFileReference section */
		DD49CA40203B061F0075AC5C /* 15071057_Assignment.app */ = {isa = PBXFileReference; explicitFileType = wrapper.application; includeInIndex = 0; path = 15071057_Assignment.app; sourceTree = BUILT_PRODUCTS_DIR; };
		DD49CA43203B061F0075AC5C /* AppDelegate.swift */ = {isa = PBXFileReference; lastKnownFileType = sourcecode.swift; path = AppDelegate.swift; sourceTree = "<group>"; };
		DD49CA45203B061F0075AC5C /* ViewController.swift */ = {isa = PBXFileReference; lastKnownFileType = sourcecode.swift; path = ViewController.swift; sourceTree = "<group>"; };
		DD49CA48203B061F0075AC5C /* Base */ = {isa = PBXFileReference; lastKnownFileType = file.storyboard; name = Base; path = Base.lproj/Main.storyboard; sourceTree = "<group>"; };
		DD49CA4A203B061F0075AC5C /* Assets.xcassets */ = {isa = PBXFileReference; lastKnownFileType = folder.assetcatalog; path = Assets.xcassets; sourceTree = "<group>"; };
		DD49CA4D203B061F0075AC5C /* Base */ = {isa = PBXFileReference; lastKnownFileType = file.storyboard; name = Base; path = Base.lproj/LaunchScreen.storyboard; sourceTree = "<group>"; };
		DD49CA4F203B061F0075AC5C /* Info.plist */ = {isa = PBXFileReference; lastKnownFileType = text.plist.xml; path = Info.plist; sourceTree = "<group>"; };
		DD49CA54203B061F0075AC5C /* 15071057_AssignmentTests.xctest */ = {isa = PBXFileReference; explicitFileType = wrapper.cfbundle; includeInIndex = 0; path = 15071057_AssignmentTests.xctest; sourceTree = BUILT_PRODUCTS_DIR; };
		DD49CA58203B061F0075AC5C /* _5071057_AssignmentTests.swift */ = {isa = PBXFileReference; lastKnownFileType = sourcecode.swift; path = _5071057_AssignmentTests.swift; sourceTree = "<group>"; };
		DD49CA5A203B061F0075AC5C /* Info.plist */ = {isa = PBXFileReference; lastKnownFileType = text.plist.xml; path = Info.plist; sourceTree = "<group>"; };
		DD49CA5F203B061F0075AC5C /* 15071057_AssignmentUITests.xctest */ = {isa = PBXFileReference; explicitFileType = wrapper.cfbundle; includeInIndex = 0; path = 15071057_AssignmentUITests.xctest; sourceTree = BUILT_PRODUCTS_DIR; };
		DD49CA63203B061F0075AC5C /* _5071057_AssignmentUITests.swift */ = {isa = PBXFileReference; lastKnownFileType = sourcecode.swift; path = _5071057_AssignmentUITests.swift; sourceTree = "<group>"; };
		DD49CA65203B061F0075AC5C /* Info.plist */ = {isa = PBXFileReference; lastKnownFileType = text.plist.xml; path = Info.plist; sourceTree = "<group>"; };
		DD49CA71203B0A8F0075AC5C /* DetailsViewController.swift */ = {isa = PBXFileReference; lastKnownFileType = sourcecode.swift; path = DetailsViewController.swift; sourceTree = "<group>"; };
		DD49CA73203B0C490075AC5C /* Restaurant.swift */ = {isa = PBXFileReference; lastKnownFileType = sourcecode.swift; path = Restaurant.swift; sourceTree = "<group>"; };
		DD5415CF204D52D00001FC2A /* SearchViewController.swift */ = {isa = PBXFileReference; lastKnownFileType = sourcecode.swift; path = SearchViewController.swift; sourceTree = "<group>"; };
		DD8534F02056B30E0004B92A /* CustomPin.swift */ = {isa = PBXFileReference; lastKnownFileType = sourcecode.swift; path = CustomPin.swift; sourceTree = "<group>"; };
		DD9C1051204443F30044E794 /* MapViewController.swift */ = {isa = PBXFileReference; lastKnownFileType = sourcecode.swift; path = MapViewController.swift; sourceTree = "<group>"; };
		DDFA852F20441061001786DB /* RestarauntTableViewCell.swift */ = {isa = PBXFileReference; lastKnownFileType = sourcecode.swift; path = RestarauntTableViewCell.swift; sourceTree = "<group>"; };
/* End PBXFileReference section */

/* Begin PBXFrameworksBuildPhase section */
		DD49CA3D203B061F0075AC5C /* Frameworks */ = {
			isa = PBXFrameworksBuildPhase;
			buildActionMask = 2147483647;
			files = (
			);
			runOnlyForDeploymentPostprocessing = 0;
		};
		DD49CA51203B061F0075AC5C /* Frameworks */ = {
			isa = PBXFrameworksBuildPhase;
			buildActionMask = 2147483647;
			files = (
			);
			runOnlyForDeploymentPostprocessing = 0;
		};
		DD49CA5C203B061F0075AC5C /* Frameworks */ = {
			isa = PBXFrameworksBuildPhase;
			buildActionMask = 2147483647;
			files = (
			);
			runOnlyForDeploymentPostprocessing = 0;
		};
/* End PBXFrameworksBuildPhase section */

/* Begin PBXGroup section */
		DD49CA37203B061F0075AC5C = {
			isa = PBXGroup;
			children = (
				DD49CA42203B061F0075AC5C /* 15071057_Assignment */,
				DD49CA57203B061F0075AC5C /* 15071057_AssignmentTests */,
				DD49CA62203B061F0075AC5C /* 15071057_AssignmentUITests */,
				DD49CA41203B061F0075AC5C /* Products */,
			);
			sourceTree = "<group>";
		};
		DD49CA41203B061F0075AC5C /* Products */ = {
			isa = PBXGroup;
			children = (
				DD49CA40203B061F0075AC5C /* 15071057_Assignment.app */,
				DD49CA54203B061F0075AC5C /* 15071057_AssignmentTests.xctest */,
				DD49CA5F203B061F0075AC5C /* 15071057_AssignmentUITests.xctest */,
			);
			name = Products;
			sourceTree = "<group>";
		};
		DD49CA42203B061F0075AC5C /* 15071057_Assignment */ = {
			isa = PBXGroup;
			children = (
				DD49CA43203B061F0075AC5C /* AppDelegate.swift */,
				DD49CA45203B061F0075AC5C /* ViewController.swift */,
				DD49CA47203B061F0075AC5C /* Main.storyboard */,
				DDFA852F20441061001786DB /* RestarauntTableViewCell.swift */,
				DD9C1051204443F30044E794 /* MapViewController.swift */,
				DD5415CF204D52D00001FC2A /* SearchViewController.swift */,
				DD49CA73203B0C490075AC5C /* Restaurant.swift */,
				DD49CA71203B0A8F0075AC5C /* DetailsViewController.swift */,
				DD8534F02056B30E0004B92A /* CustomPin.swift */,
				DD49CA4A203B061F0075AC5C /* Assets.xcassets */,
				DD49CA4C203B061F0075AC5C /* LaunchScreen.storyboard */,
				DD49CA4F203B061F0075AC5C /* Info.plist */,
			);
			path = 15071057_Assignment;
			sourceTree = "<group>";
		};
		DD49CA57203B061F0075AC5C /* 15071057_AssignmentTests */ = {
			isa = PBXGroup;
			children = (
				DD49CA58203B061F0075AC5C /* _5071057_AssignmentTests.swift */,
				DD49CA5A203B061F0075AC5C /* Info.plist */,
			);
			path = 15071057_AssignmentTests;
			sourceTree = "<group>";
		};
		DD49CA62203B061F0075AC5C /* 15071057_AssignmentUITests */ = {
			isa = PBXGroup;
			children = (
				DD49CA63203B061F0075AC5C /* _5071057_AssignmentUITests.swift */,
				DD49CA65203B061F0075AC5C /* Info.plist */,
			);
			path = 15071057_AssignmentUITests;
			sourceTree = "<group>";
		};
/* End PBXGroup section */

/* Begin PBXNativeTarget section */
		DD49CA3F203B061F0075AC5C /* 15071057_Assignment */ = {
			isa = PBXNativeTarget;
			buildConfigurationList = DD49CA68203B061F0075AC5C /* Build configuration list for PBXNativeTarget "15071057_Assignment" */;
			buildPhases = (
				DD49CA3C203B061F0075AC5C /* Sources */,
				DD49CA3D203B061F0075AC5C /* Frameworks */,
				DD49CA3E203B061F0075AC5C /* Resources */,
			);
			buildRules = (
			);
			dependencies = (
			);
			name = 15071057_Assignment;
			productName = 15071057_Assignment;
			productReference = DD49CA40203B061F0075AC5C /* 15071057_Assignment.app */;
			productType = "com.apple.product-type.application";
		};
		DD49CA53203B061F0075AC5C /* 15071057_AssignmentTests */ = {
			isa = PBXNativeTarget;
			buildConfigurationList = DD49CA6B203B061F0075AC5C /* Build configuration list for PBXNativeTarget "15071057_AssignmentTests" */;
			buildPhases = (
				DD49CA50203B061F0075AC5C /* Sources */,
				DD49CA51203B061F0075AC5C /* Frameworks */,
				DD49CA52203B061F0075AC5C /* Resources */,
			);
			buildRules = (
			);
			dependencies = (
				DD49CA56203B061F0075AC5C /* PBXTargetDependency */,
			);
			name = 15071057_AssignmentTests;
			productName = 15071057_AssignmentTests;
			productReference = DD49CA54203B061F0075AC5C /* 15071057_AssignmentTests.xctest */;
			productType = "com.apple.product-type.bundle.unit-test";
		};
		DD49CA5E203B061F0075AC5C /* 15071057_AssignmentUITests */ = {
			isa = PBXNativeTarget;
			buildConfigurationList = DD49CA6E203B061F0075AC5C /* Build configuration list for PBXNativeTarget "15071057_AssignmentUITests" */;
			buildPhases = (
				DD49CA5B203B061F0075AC5C /* Sources */,
				DD49CA5C203B061F0075AC5C /* Frameworks */,
				DD49CA5D203B061F0075AC5C /* Resources */,
			);
			buildRules = (
			);
			dependencies = (
				DD49CA61203B061F0075AC5C /* PBXTargetDependency */,
			);
			name = 15071057_AssignmentUITests;
			productName = 15071057_AssignmentUITests;
			productReference = DD49CA5F203B061F0075AC5C /* 15071057_AssignmentUITests.xctest */;
			productType = "com.apple.product-type.bundle.ui-testing";
		};
/* End PBXNativeTarget section */

/* Begin PBXProject section */
		DD49CA38203B061F0075AC5C /* Project object */ = {
			isa = PBXProject;
			attributes = {
				LastSwiftUpdateCheck = 0920;
				LastUpgradeCheck = 0920;
				ORGANIZATIONNAME = "Liam Russell";
				TargetAttributes = {
					DD49CA3F203B061F0075AC5C = {
						CreatedOnToolsVersion = 9.2;
						ProvisioningStyle = Automatic;
					};
					DD49CA53203B061F0075AC5C = {
						CreatedOnToolsVersion = 9.2;
						ProvisioningStyle = Automatic;
						TestTargetID = DD49CA3F203B061F0075AC5C;
					};
					DD49CA5E203B061F0075AC5C = {
						CreatedOnToolsVersion = 9.2;
						ProvisioningStyle = Automatic;
						TestTargetID = DD49CA3F203B061F0075AC5C;
					};
				};
			};
			buildConfigurationList = DD49CA3B203B061F0075AC5C /* Build configuration list for PBXProject "15071057_Assignment" */;
			compatibilityVersion = "Xcode 8.0";
			developmentRegion = en;
			hasScannedForEncodings = 0;
			knownRegions = (
				en,
				Base,
			);
			mainGroup = DD49CA37203B061F0075AC5C;
			productRefGroup = DD49CA41203B061F0075AC5C /* Products */;
			projectDirPath = "";
			projectRoot = "";
			targets = (
				DD49CA3F203B061F0075AC5C /* 15071057_Assignment */,
				DD49CA53203B061F0075AC5C /* 15071057_AssignmentTests */,
				DD49CA5E203B061F0075AC5C /* 15071057_AssignmentUITests */,
			);
		};
/* End PBXProject section */

/* Begin PBXResourcesBuildPhase section */
		DD49CA3E203B061F0075AC5C /* Resources */ = {
			isa = PBXResourcesBuildPhase;
			buildActionMask = 2147483647;
			files = (
				DD49CA4E203B061F0075AC5C /* LaunchScreen.storyboard in Resources */,
				DD49CA4B203B061F0075AC5C /* Assets.xcassets in Resources */,
				DD49CA49203B061F0075AC5C /* Main.storyboard in Resources */,
			);
			runOnlyForDeploymentPostprocessing = 0;
		};
		DD49CA52203B061F0075AC5C /* Resources */ = {
			isa = PBXResourcesBuildPhase;
			buildActionMask = 2147483647;
			files = (
			);
			runOnlyForDeploymentPostprocessing = 0;
		};
		DD49CA5D203B061F0075AC5C /* Resources */ = {
			isa = PBXResourcesBuildPhase;
			buildActionMask = 2147483647;
			files = (
			);
			runOnlyForDeploymentPostprocessing = 0;
		};
/* End PBXResourcesBuildPhase section */

/* Begin PBXSourcesBuildPhase section */
		DD49CA3C203B061F0075AC5C /* Sources */ = {
			isa = PBXSourcesBuildPhase;
			buildActionMask = 2147483647;
			files = (
				DD49CA74203B0C490075AC5C /* Restaurant.swift in Sources */,
				DD5415D0204D52D00001FC2A /* SearchViewController.swift in Sources */,
				DD9C1052204443F30044E794 /* MapViewController.swift in Sources */,
				DD49CA46203B061F0075AC5C /* ViewController.swift in Sources */,
				DD8534F12056B30E0004B92A /* CustomPin.swift in Sources */,
				DDFA853020441061001786DB /* RestarauntTableViewCell.swift in Sources */,
				DD49CA44203B061F0075AC5C /* AppDelegate.swift in Sources */,
				DD49CA72203B0A8F0075AC5C /* DetailsViewController.swift in Sources */,
			);
			runOnlyForDeploymentPostprocessing = 0;
		};
		DD49CA50203B061F0075AC5C /* Sources */ = {
			isa = PBXSourcesBuildPhase;
			buildActionMask = 2147483647;
			files = (
				DD49CA59203B061F0075AC5C /* _5071057_AssignmentTests.swift in Sources */,
			);
			runOnlyForDeploymentPostprocessing = 0;
		};
		DD49CA5B203B061F0075AC5C /* Sources */ = {
			isa = PBXSourcesBuildPhase;
			buildActionMask = 2147483647;
			files = (
				DD49CA64203B061F0075AC5C /* _5071057_AssignmentUITests.swift in Sources */,
			);
			runOnlyForDeploymentPostprocessing = 0;
		};
/* End PBXSourcesBuildPhase section */

/* Begin PBXTargetDependency section */
		DD49CA56203B061F0075AC5C /* PBXTargetDependency */ = {
			isa = PBXTargetDependency;
			target = DD49CA3F203B061F0075AC5C /* 15071057_Assignment */;
			targetProxy = DD49CA55203B061F0075AC5C /* PBXContainerItemProxy */;
		};
		DD49CA61203B061F0075AC5C /* PBXTargetDependency */ = {
			isa = PBXTargetDependency;
			target = DD49CA3F203B061F0075AC5C /* 15071057_Assignment */;
			targetProxy = DD49CA60203B061F0075AC5C /* PBXContainerItemProxy */;
		};
/* End PBXTargetDependency section */

/* Begin PBXVariantGroup section */
		DD49CA47203B061F0075AC5C /* Main.storyboard */ = {
			isa = PBXVariantGroup;
			children = (
				DD49CA48203B061F0075AC5C /* Base */,
			);
			name = Main.storyboard;
			sourceTree = "<group>";
		};
		DD49CA4C203B061F0075AC5C /* LaunchScreen.storyboard */ = {
			isa = PBXVariantGroup;
			children = (
				DD49CA4D203B061F0075AC5C /* Base */,
			);
			name = LaunchScreen.storyboard;
			sourceTree = "<group>";
		};
/* End PBXVariantGroup section */

/* Begin XCBuildConfiguration section */
		DD49CA66203B061F0075AC5C /* Debug */ = {
			isa = XCBuildConfiguration;
			buildSettings = {
				ALWAYS_SEARCH_USER_PATHS = NO;
				CLANG_ANALYZER_NONNULL = YES;
				CLANG_ANALYZER_NUMBER_OBJECT_CONVERSION = YES_AGGRESSIVE;
				CLANG_CXX_LANGUAGE_STANDARD = "gnu++14";
				CLANG_CXX_LIBRARY = "libc++";
				CLANG_ENABLE_MODULES = YES;
				CLANG_ENABLE_OBJC_ARC = YES;
				CLANG_WARN_BLOCK_CAPTURE_AUTORELEASING = YES;
				CLANG_WARN_BOOL_CONVERSION = YES;
				CLANG_WARN_COMMA = YES;
				CLANG_WARN_CONSTANT_CONVERSION = YES;
				CLANG_WARN_DIRECT_OBJC_ISA_USAGE = YES_ERROR;
				CLANG_WARN_DOCUMENTATION_COMMENTS = YES;
				CLANG_WARN_EMPTY_BODY = YES;
				CLANG_WARN_ENUM_CONVERSION = YES;
				CLANG_WARN_INFINITE_RECURSION = YES;
				CLANG_WARN_INT_CONVERSION = YES;
				CLANG_WARN_NON_LITERAL_NULL_CONVERSION = YES;
				CLANG_WARN_OBJC_LITERAL_CONVERSION = YES;
				CLANG_WARN_OBJC_ROOT_CLASS = YES_ERROR;
				CLANG_WARN_RANGE_LOOP_ANALYSIS = YES;
				CLANG_WARN_STRICT_PROTOTYPES = YES;
				CLANG_WARN_SUSPICIOUS_MOVE = YES;
				CLANG_WARN_UNGUARDED_AVAILABILITY = YES_AGGRESSIVE;
				CLANG_WARN_UNREACHABLE_CODE = YES;
				CLANG_WARN__DUPLICATE_METHOD_MATCH = YES;
				CODE_SIGN_IDENTITY = "iPhone Developer";
				COPY_PHASE_STRIP = NO;
				DEBUG_INFORMATION_FORMAT = dwarf;
				ENABLE_STRICT_OBJC_MSGSEND = YES;
				ENABLE_TESTABILITY = YES;
				GCC_C_LANGUAGE_STANDARD = gnu11;
				GCC_DYNAMIC_NO_PIC = NO;
				GCC_NO_COMMON_BLOCKS = YES;
				GCC_OPTIMIZATION_LEVEL = 0;
				GCC_PREPROCESSOR_DEFINITIONS = (
					"DEBUG=1",
					"$(inherited)",
				);
				GCC_WARN_64_TO_32_BIT_CONVERSION = YES;
				GCC_WARN_ABOUT_RETURN_TYPE = YES_ERROR;
				GCC_WARN_UNDECLARED_SELECTOR = YES;
				GCC_WARN_UNINITIALIZED_AUTOS = YES_AGGRESSIVE;
				GCC_WARN_UNUSED_FUNCTION = YES;
				GCC_WARN_UNUSED_VARIABLE = YES;
				IPHONEOS_DEPLOYMENT_TARGET = 11.2;
				MTL_ENABLE_DEBUG_INFO = YES;
				ONLY_ACTIVE_ARCH = YES;
				SDKROOT = iphoneos;
				SWIFT_ACTIVE_COMPILATION_CONDITIONS = DEBUG;
				SWIFT_OPTIMIZATION_LEVEL = "-Onone";
			};
			name = Debug;
		};
		DD49CA67203B061F0075AC5C /* Release */ = {
			isa = XCBuildConfiguration;
			buildSettings = {
				ALWAYS_SEARCH_USER_PATHS = NO;
				CLANG_ANALYZER_NONNULL = YES;
				CLANG_ANALYZER_NUMBER_OBJECT_CONVERSION = YES_AGGRESSIVE;
				CLANG_CXX_LANGUAGE_STANDARD = "gnu++14";
				CLANG_CXX_LIBRARY = "libc++";
				CLANG_ENABLE_MODULES = YES;
				CLANG_ENABLE_OBJC_ARC = YES;
				CLANG_WARN_BLOCK_CAPTURE_AUTORELEASING = YES;
				CLANG_WARN_BOOL_CONVERSION = YES;
				CLANG_WARN_COMMA = YES;
				CLANG_WARN_CONSTANT_CONVERSION = YES;
				CLANG_WARN_DIRECT_OBJC_ISA_USAGE = YES_ERROR;
				CLANG_WARN_DOCUMENTATION_COMMENTS = YES;
				CLANG_WARN_EMPTY_BODY = YES;
				CLANG_WARN_ENUM_CONVERSION = YES;
				CLANG_WARN_INFINITE_RECURSION = YES;
				CLANG_WARN_INT_CONVERSION = YES;
				CLANG_WARN_NON_LITERAL_NULL_CONVERSION = YES;
				CLANG_WARN_OBJC_LITERAL_CONVERSION = YES;
				CLANG_WARN_OBJC_ROOT_CLASS = YES_ERROR;
				CLANG_WARN_RANGE_LOOP_ANALYSIS = YES;
				CLANG_WARN_STRICT_PROTOTYPES = YES;
				CLANG_WARN_SUSPICIOUS_MOVE = YES;
				CLANG_WARN_UNGUARDED_AVAILABILITY = YES_AGGRESSIVE;
				CLANG_WARN_UNREACHABLE_CODE = YES;
				CLANG_WARN__DUPLICATE_METHOD_MATCH = YES;
				CODE_SIGN_IDENTITY = "iPhone Developer";
				COPY_PHASE_STRIP = NO;
				DEBUG_INFORMATION_FORMAT = "dwarf-with-dsym";
				ENABLE_NS_ASSERTIONS = NO;
				ENABLE_STRICT_OBJC_MSGSEND = YES;
				GCC_C_LANGUAGE_STANDARD = gnu11;
				GCC_NO_COMMON_BLOCKS = YES;
				GCC_WARN_64_TO_32_BIT_CONVERSION = YES;
				GCC_WARN_ABOUT_RETURN_TYPE = YES_ERROR;
				GCC_WARN_UNDECLARED_SELECTOR = YES;
				GCC_WARN_UNINITIALIZED_AUTOS = YES_AGGRESSIVE;
				GCC_WARN_UNUSED_FUNCTION = YES;
				GCC_WARN_UNUSED_VARIABLE = YES;
				IPHONEOS_DEPLOYMENT_TARGET = 11.2;
				MTL_ENABLE_DEBUG_INFO = NO;
				SDKROOT = iphoneos;
				SWIFT_OPTIMIZATION_LEVEL = "-Owholemodule";
				VALIDATE_PRODUCT = YES;
			};
			name = Release;
		};
		DD49CA69203B061F0075AC5C /* Debug */ = {
			isa = XCBuildConfiguration;
			buildSettings = {
				ASSETCATALOG_COMPILER_APPICON_NAME = AppIcon;
				CODE_SIGN_STYLE = Automatic;
				INFOPLIST_FILE = 15071057_Assignment/Info.plist;
				LD_RUNPATH_SEARCH_PATHS = "$(inherited) @executable_path/Frameworks";
				PRODUCT_BUNDLE_IDENTIFIER = "mmu.ac.uk.-5071057-Assignment";
				PRODUCT_NAME = "$(TARGET_NAME)";
				SWIFT_VERSION = 4.0;
				TARGETED_DEVICE_FAMILY = "1,2";
			};
			name = Debug;
		};
		DD49CA6A203B061F0075AC5C /* Release */ = {
			isa = XCBuildConfiguration;
			buildSettings = {
				ASSETCATALOG_COMPILER_APPICON_NAME = AppIcon;
				CODE_SIGN_STYLE = Automatic;
				INFOPLIST_FILE = 15071057_Assignment/Info.plist;
				LD_RUNPATH_SEARCH_PATHS = "$(inherited) @executable_path/Frameworks";
				PRODUCT_BUNDLE_IDENTIFIER = "mmu.ac.uk.-5071057-Assignment";
				PRODUCT_NAME = "$(TARGET_NAME)";
				SWIFT_VERSION = 4.0;
				TARGETED_DEVICE_FAMILY = "1,2";
			};
			name = Release;
		};
		DD49CA6C203B061F0075AC5C /* Debug */ = {
			isa = XCBuildConfiguration;
			buildSettings = {
				ALWAYS_EMBED_SWIFT_STANDARD_LIBRARIES = YES;
				BUNDLE_LOADER = "$(TEST_HOST)";
				CODE_SIGN_STYLE = Automatic;
				INFOPLIST_FILE = 15071057_AssignmentTests/Info.plist;
				LD_RUNPATH_SEARCH_PATHS = "$(inherited) @executable_path/Frameworks @loader_path/Frameworks";
				PRODUCT_BUNDLE_IDENTIFIER = "mmu.ac.uk.-5071057-AssignmentTests";
				PRODUCT_NAME = "$(TARGET_NAME)";
				SWIFT_VERSION = 4.0;
				TARGETED_DEVICE_FAMILY = "1,2";
				TEST_HOST = "$(BUILT_PRODUCTS_DIR)/15071057_Assignment.app/15071057_Assignment";
			};
			name = Debug;
		};
		DD49CA6D203B061F0075AC5C /* Release */ = {
			isa = XCBuildConfiguration;
			buildSettings = {
				ALWAYS_EMBED_SWIFT_STANDARD_LIBRARIES = YES;
				BUNDLE_LOADER = "$(TEST_HOST)";
				CODE_SIGN_STYLE = Automatic;
				INFOPLIST_FILE = 15071057_AssignmentTests/Info.plist;
				LD_RUNPATH_SEARCH_PATHS = "$(inherited) @executable_path/Frameworks @loader_path/Frameworks";
				PRODUCT_BUNDLE_IDENTIFIER = "mmu.ac.uk.-5071057-AssignmentTests";
				PRODUCT_NAME = "$(TARGET_NAME)";
				SWIFT_VERSION = 4.0;
				TARGETED_DEVICE_FAMILY = "1,2";
				TEST_HOST = "$(BUILT_PRODUCTS_DIR)/15071057_Assignment.app/15071057_Assignment";
			};
			name = Release;
		};
		DD49CA6F203B061F0075AC5C /* Debug */ = {
			isa = XCBuildConfiguration;
			buildSettings = {
				ALWAYS_EMBED_SWIFT_STANDARD_LIBRARIES = YES;
				CODE_SIGN_STYLE = Automatic;
				INFOPLIST_FILE = 15071057_AssignmentUITests/Info.plist;
				LD_RUNPATH_SEARCH_PATHS = "$(inherited) @executable_path/Frameworks @loader_path/Frameworks";
				PRODUCT_BUNDLE_IDENTIFIER = "mmu.ac.uk.-5071057-AssignmentUITests";
				PRODUCT_NAME = "$(TARGET_NAME)";
				SWIFT_VERSION = 4.0;
				TARGETED_DEVICE_FAMILY = "1,2";
				TEST_TARGET_NAME = 15071057_Assignment;
			};
			name = Debug;
		};
		DD49CA70203B061F0075AC5C /* Release */ = {
			isa = XCBuildConfiguration;
			buildSettings = {
				ALWAYS_EMBED_SWIFT_STANDARD_LIBRARIES = YES;
				CODE_SIGN_STYLE = Automatic;
				INFOPLIST_FILE = 15071057_AssignmentUITests/Info.plist;
				LD_RUNPATH_SEARCH_PATHS = "$(inherited) @executable_path/Frameworks @loader_path/Frameworks";
				PRODUCT_BUNDLE_IDENTIFIER = "mmu.ac.uk.-5071057-AssignmentUITests";
				PRODUCT_NAME = "$(TARGET_NAME)";
				SWIFT_VERSION = 4.0;
				TARGETED_DEVICE_FAMILY = "1,2";
				TEST_TARGET_NAME = 15071057_Assignment;
			};
			name = Release;
		};
/* End XCBuildConfiguration section */

/* Begin XCConfigurationList section */
		DD49CA3B203B061F0075AC5C /* Build configuration list for PBXProject "15071057_Assignment" */ = {
			isa = XCConfigurationList;
			buildConfigurations = (
				DD49CA66203B061F0075AC5C /* Debug */,
				DD49CA67203B061F0075AC5C /* Release */,
			);
			defaultConfigurationIsVisible = 0;
			defaultConfigurationName = Release;
		};
		DD49CA68203B061F0075AC5C /* Build configuration list for PBXNativeTarget "15071057_Assignment" */ = {
			isa = XCConfigurationList;
			buildConfigurations = (
				DD49CA69203B061F0075AC5C /* Debug */,
				DD49CA6A203B061F0075AC5C /* Release */,
			);
			defaultConfigurationIsVisible = 0;
			defaultConfigurationName = Release;
		};
		DD49CA6B203B061F0075AC5C /* Build configuration list for PBXNativeTarget "15071057_AssignmentTests" */ = {
			isa = XCConfigurationList;
			buildConfigurations = (
				DD49CA6C203B061F0075AC5C /* Debug */,
				DD49CA6D203B061F0075AC5C /* Release */,
			);
			defaultConfigurationIsVisible = 0;
			defaultConfigurationName = Release;
		};
		DD49CA6E203B061F0075AC5C /* Build configuration list for PBXNativeTarget "15071057_AssignmentUITests" */ = {
			isa = XCConfigurationList;
			buildConfigurations = (
				DD49CA6F203B061F0075AC5C /* Debug */,
				DD49CA70203B061F0075AC5C /* Release */,
			);
			defaultConfigurationIsVisible = 0;
			defaultConfigurationName = Release;
		};
/* End XCConfigurationList section */
	};
	rootObject = DD49CA38203B061F0075AC5C /* Project object */;
}
